
Microsoft Visual Studio Solution File, Format Version 12.00
# Visual Studio 15
VisualStudioVersion = 15.0.28307.572
MinimumVisualStudioVersion = 10.0.40219.1
Project("{FAE04EC0-301F-11D3-BF4B-00C04F79EFBC}") = "verificadorIP", "verificadorIP\verificadorIP.csproj", "{DD3BC833-86A9-4803-8248-2003CCEA9B3B}"
EndProject
Global
	GlobalSection(SolutionConfigurationPlatforms) = preSolution
		Debug|Any CPU = Debug|Any CPU
		Release|Any CPU = Release|Any CPU
	EndGlobalSection
	GlobalSection(ProjectConfigurationPlatforms) = postSolution
		{DD3BC833-86A9-4803-8248-2003CCEA9B3B}.Debug|Any CPU.ActiveCfg = Debug|Any CPU
		{DD3BC833-86A9-4803-8248-2003CCEA9B3B}.Debug|Any CPU.Build.0 = Debug|Any CPU
		{DD3BC833-86A9-4803-8248-2003CCEA9B3B}.Release|Any CPU.ActiveCfg = Release|Any CPU
		{DD3BC833-86A9-4803-8248-2003CCEA9B3B}.Release|Any CPU.Build.0 = Release|Any CPU
	EndGlobalSection
	GlobalSection(SolutionProperties) = preSolution
		HideSolutionNode = FALSE
	EndGlobalSection
	GlobalSection(ExtensibilityGlobals) = postSolution
		SolutionGuid = {488111C3-73EB-43F5-B625-D0E96AC9C84A}
	EndGlobalSection
EndGlobal
