
Microsoft Visual Studio Solution File, Format Version 12.00
# Visual Studio 15
VisualStudioVersion = 15.0.28307.572
MinimumVisualStudioVersion = 10.0.40219.1
Project("{FAE04EC0-301F-11D3-BF4B-00C04F79EFBC}") = "AgendaP", "AgendaP\AgendaP.csproj", "{D96E6BB9-EDAB-4E13-B1EA-FE2B605E9A28}"
EndProject
Global
	GlobalSection(SolutionConfigurationPlatforms) = preSolution
		Debug|Any CPU = Debug|Any CPU
		Release|Any CPU = Release|Any CPU
	EndGlobalSection
	GlobalSection(ProjectConfigurationPlatforms) = postSolution
		{D96E6BB9-EDAB-4E13-B1EA-FE2B605E9A28}.Debug|Any CPU.ActiveCfg = Debug|Any CPU
		{D96E6BB9-EDAB-4E13-B1EA-FE2B605E9A28}.Debug|Any CPU.Build.0 = Debug|Any CPU
		{D96E6BB9-EDAB-4E13-B1EA-FE2B605E9A28}.Release|Any CPU.ActiveCfg = Release|Any CPU
		{D96E6BB9-EDAB-4E13-B1EA-FE2B605E9A28}.Release|Any CPU.Build.0 = Release|Any CPU
	EndGlobalSection
	GlobalSection(SolutionProperties) = preSolution
		HideSolutionNode = FALSE
	EndGlobalSection
	GlobalSection(ExtensibilityGlobals) = postSolution
		SolutionGuid = {BBBDA626-C68D-4E1E-889A-97B915D94BCF}
	EndGlobalSection
EndGlobal
