
Microsoft Visual Studio Solution File, Format Version 12.00
# Visual Studio 15
VisualStudioVersion = 15.0.28307.572
MinimumVisualStudioVersion = 10.0.40219.1
Project("{FAE04EC0-301F-11D3-BF4B-00C04F79EFBC}") = "Calculadora", "Calculadora\Calculadora.csproj", "{6110A938-3C4C-439F-A93B-8C0B9DD0CCDC}"
EndProject
Global
	GlobalSection(SolutionConfigurationPlatforms) = preSolution
		Debug|Any CPU = Debug|Any CPU
		Release|Any CPU = Release|Any CPU
	EndGlobalSection
	GlobalSection(ProjectConfigurationPlatforms) = postSolution
		{6110A938-3C4C-439F-A93B-8C0B9DD0CCDC}.Debug|Any CPU.ActiveCfg = Debug|Any CPU
		{6110A938-3C4C-439F-A93B-8C0B9DD0CCDC}.Debug|Any CPU.Build.0 = Debug|Any CPU
		{6110A938-3C4C-439F-A93B-8C0B9DD0CCDC}.Release|Any CPU.ActiveCfg = Release|Any CPU
		{6110A938-3C4C-439F-A93B-8C0B9DD0CCDC}.Release|Any CPU.Build.0 = Release|Any CPU
	EndGlobalSection
	GlobalSection(SolutionProperties) = preSolution
		HideSolutionNode = FALSE
	EndGlobalSection
	GlobalSection(ExtensibilityGlobals) = postSolution
		SolutionGuid = {4D440B34-7649-4F0D-89DB-7540810ADEEF}
	EndGlobalSection
EndGlobal
